
Microsoft Visual Studio Solution File, Format Version 12.00
# Visual Studio Version 17
VisualStudioVersion = 17.9.34723.18
MinimumVisualStudioVersion = 10.0.40219.1
Project("{FAE04EC0-301F-11D3-BF4B-00C04F79EFBC}") = "PaKalkulacka", "PaKalkulacka\PaKalkulacka.csproj", "{D1054E6E-4509-42A6-8DA6-FCAEE0D15743}"
EndProject
Global
	GlobalSection(SolutionConfigurationPlatforms) = preSolution
		Debug|Any CPU = Debug|Any CPU
		Release|Any CPU = Release|Any CPU
	EndGlobalSection
	GlobalSection(ProjectConfigurationPlatforms) = postSolution
		{D1054E6E-4509-42A6-8DA6-FCAEE0D15743}.Debug|Any CPU.ActiveCfg = Debug|Any CPU
		{D1054E6E-4509-42A6-8DA6-FCAEE0D15743}.Debug|Any CPU.Build.0 = Debug|Any CPU
		{D1054E6E-4509-42A6-8DA6-FCAEE0D15743}.Release|Any CPU.ActiveCfg = Release|Any CPU
		{D1054E6E-4509-42A6-8DA6-FCAEE0D15743}.Release|Any CPU.Build.0 = Release|Any CPU
	EndGlobalSection
	GlobalSection(SolutionProperties) = preSolution
		HideSolutionNode = FALSE
	EndGlobalSection
	GlobalSection(ExtensibilityGlobals) = postSolution
		SolutionGuid = {0B359994-3AAF-4515-B3CD-031DB753A7F8}
	EndGlobalSection
EndGlobal
